
Microsoft Visual Studio Solution File, Format Version 12.00
# Visual Studio Version 16
VisualStudioVersion = 16.0.29519.87
MinimumVisualStudioVersion = 10.0.40219.1
Project("{FAE04EC0-301F-11D3-BF4B-00C04F79EFBC}") = "Kutuphane", "Kutuphane\Kutuphane.csproj", "{C5C9B04D-809E-4821-A4EB-E680B2D96EE6}"
EndProject
Global
	GlobalSection(SolutionConfigurationPlatforms) = preSolution
		Debug|Any CPU = Debug|Any CPU
		Release|Any CPU = Release|Any CPU
	EndGlobalSection
	GlobalSection(ProjectConfigurationPlatforms) = postSolution
		{C5C9B04D-809E-4821-A4EB-E680B2D96EE6}.Debug|Any CPU.ActiveCfg = Debug|Any CPU
		{C5C9B04D-809E-4821-A4EB-E680B2D96EE6}.Debug|Any CPU.Build.0 = Debug|Any CPU
		{C5C9B04D-809E-4821-A4EB-E680B2D96EE6}.Release|Any CPU.ActiveCfg = Release|Any CPU
		{C5C9B04D-809E-4821-A4EB-E680B2D96EE6}.Release|Any CPU.Build.0 = Release|Any CPU
	EndGlobalSection
	GlobalSection(SolutionProperties) = preSolution
		HideSolutionNode = FALSE
	EndGlobalSection
	GlobalSection(ExtensibilityGlobals) = postSolution
		SolutionGuid = {B139F08D-E6D7-41DF-866E-087C84F95B91}
	EndGlobalSection
EndGlobal
